
Microsoft Visual Studio Solution File, Format Version 12.00
Project("{FAE04EC0-301F-11D3-BF4B-00C04F79EFBC}") = "FixedWidthParser", "FixedWidthParser\FixedWidthParser.csproj", "{6E18AC0A-7268-4510-A5A4-943EADD600DB}"
EndProject
Project("{FAE04EC0-301F-11D3-BF4B-00C04F79EFBC}") = "FixedWidthParser.Test", "FixedWidthParser.Test\FixedWidthParser.Test.csproj", "{8D8AADB3-37C4-4BA1-B562-A5C713E491A5}"
EndProject
Project("{FAE04EC0-301F-11D3-BF4B-00C04F79EFBC}") = "ConsoleTest", "ConsoleTest\ConsoleTest.csproj", "{D7F15011-1494-4465-85DB-F92F386B3561}"
EndProject
Global
	GlobalSection(SolutionConfigurationPlatforms) = preSolution
		Debug|Any CPU = Debug|Any CPU
		Release|Any CPU = Release|Any CPU
	EndGlobalSection
	GlobalSection(ProjectConfigurationPlatforms) = postSolution
		{6E18AC0A-7268-4510-A5A4-943EADD600DB}.Debug|Any CPU.ActiveCfg = Debug|Any CPU
		{6E18AC0A-7268-4510-A5A4-943EADD600DB}.Debug|Any CPU.Build.0 = Debug|Any CPU
		{6E18AC0A-7268-4510-A5A4-943EADD600DB}.Release|Any CPU.ActiveCfg = Release|Any CPU
		{6E18AC0A-7268-4510-A5A4-943EADD600DB}.Release|Any CPU.Build.0 = Release|Any CPU
		{8D8AADB3-37C4-4BA1-B562-A5C713E491A5}.Debug|Any CPU.ActiveCfg = Debug|Any CPU
		{8D8AADB3-37C4-4BA1-B562-A5C713E491A5}.Debug|Any CPU.Build.0 = Debug|Any CPU
		{8D8AADB3-37C4-4BA1-B562-A5C713E491A5}.Release|Any CPU.ActiveCfg = Release|Any CPU
		{8D8AADB3-37C4-4BA1-B562-A5C713E491A5}.Release|Any CPU.Build.0 = Release|Any CPU
		{D7F15011-1494-4465-85DB-F92F386B3561}.Debug|Any CPU.ActiveCfg = Debug|Any CPU
		{D7F15011-1494-4465-85DB-F92F386B3561}.Debug|Any CPU.Build.0 = Debug|Any CPU
		{D7F15011-1494-4465-85DB-F92F386B3561}.Release|Any CPU.ActiveCfg = Release|Any CPU
		{D7F15011-1494-4465-85DB-F92F386B3561}.Release|Any CPU.Build.0 = Release|Any CPU
	EndGlobalSection
EndGlobal
